
Microsoft Visual Studio Solution File, Format Version 12.00
# Visual Studio Version 17
VisualStudioVersion = 17.8.34525.116
MinimumVisualStudioVersion = 10.0.40219.1
Project("{FAE04EC0-301F-11D3-BF4B-00C04F79EFBC}") = "Singleton", "Singleton\Singleton.csproj", "{46465950-4802-4D4F-94C7-3C2FAA78B87F}"
EndProject
Project("{FAE04EC0-301F-11D3-BF4B-00C04F79EFBC}") = "Factory", "Factory\Factory.csproj", "{C02FDB60-53E7-4FCA-9573-E3EB3668AE0E}"
EndProject
Project("{FAE04EC0-301F-11D3-BF4B-00C04F79EFBC}") = "Observer", "Observer\Observer.csproj", "{2C012A93-66B6-4A5B-953E-620C888E9EF6}"
EndProject
Project("{FAE04EC0-301F-11D3-BF4B-00C04F79EFBC}") = "Builder", "Builder\Builder.csproj", "{070A68B1-7C09-4B43-8721-CA9F537DD898}"
EndProject
Project("{FAE04EC0-301F-11D3-BF4B-00C04F79EFBC}") = "BuilderB", "BuilderB\BuilderB.csproj", "{CC51967C-56C4-402E-824E-CCFA5FCC991A}"
EndProject
Global
	GlobalSection(SolutionConfigurationPlatforms) = preSolution
		Debug|Any CPU = Debug|Any CPU
		Release|Any CPU = Release|Any CPU
	EndGlobalSection
	GlobalSection(ProjectConfigurationPlatforms) = postSolution
		{46465950-4802-4D4F-94C7-3C2FAA78B87F}.Debug|Any CPU.ActiveCfg = Debug|Any CPU
		{46465950-4802-4D4F-94C7-3C2FAA78B87F}.Debug|Any CPU.Build.0 = Debug|Any CPU
		{46465950-4802-4D4F-94C7-3C2FAA78B87F}.Release|Any CPU.ActiveCfg = Release|Any CPU
		{46465950-4802-4D4F-94C7-3C2FAA78B87F}.Release|Any CPU.Build.0 = Release|Any CPU
		{C02FDB60-53E7-4FCA-9573-E3EB3668AE0E}.Debug|Any CPU.ActiveCfg = Debug|Any CPU
		{C02FDB60-53E7-4FCA-9573-E3EB3668AE0E}.Debug|Any CPU.Build.0 = Debug|Any CPU
		{C02FDB60-53E7-4FCA-9573-E3EB3668AE0E}.Release|Any CPU.ActiveCfg = Release|Any CPU
		{C02FDB60-53E7-4FCA-9573-E3EB3668AE0E}.Release|Any CPU.Build.0 = Release|Any CPU
		{2C012A93-66B6-4A5B-953E-620C888E9EF6}.Debug|Any CPU.ActiveCfg = Debug|Any CPU
		{2C012A93-66B6-4A5B-953E-620C888E9EF6}.Debug|Any CPU.Build.0 = Debug|Any CPU
		{2C012A93-66B6-4A5B-953E-620C888E9EF6}.Release|Any CPU.ActiveCfg = Release|Any CPU
		{2C012A93-66B6-4A5B-953E-620C888E9EF6}.Release|Any CPU.Build.0 = Release|Any CPU
		{070A68B1-7C09-4B43-8721-CA9F537DD898}.Debug|Any CPU.ActiveCfg = Debug|Any CPU
		{070A68B1-7C09-4B43-8721-CA9F537DD898}.Debug|Any CPU.Build.0 = Debug|Any CPU
		{070A68B1-7C09-4B43-8721-CA9F537DD898}.Release|Any CPU.ActiveCfg = Release|Any CPU
		{070A68B1-7C09-4B43-8721-CA9F537DD898}.Release|Any CPU.Build.0 = Release|Any CPU
		{CC51967C-56C4-402E-824E-CCFA5FCC991A}.Debug|Any CPU.ActiveCfg = Debug|Any CPU
		{CC51967C-56C4-402E-824E-CCFA5FCC991A}.Debug|Any CPU.Build.0 = Debug|Any CPU
		{CC51967C-56C4-402E-824E-CCFA5FCC991A}.Release|Any CPU.ActiveCfg = Release|Any CPU
		{CC51967C-56C4-402E-824E-CCFA5FCC991A}.Release|Any CPU.Build.0 = Release|Any CPU
	EndGlobalSection
	GlobalSection(SolutionProperties) = preSolution
		HideSolutionNode = FALSE
	EndGlobalSection
	GlobalSection(ExtensibilityGlobals) = postSolution
		SolutionGuid = {8C3AE35D-E84B-476E-8261-374A94ED5B1C}
	EndGlobalSection
EndGlobal
